<?xml version="1.0" encoding="utf-8"?>
<Project ToolsVersion="4.0" xmlns="http://schemas.microsoft.com/developer/msbuild/2003">
  <ItemGroup>
    <Filter Include="Source Files">
      <UniqueIdentifier>{1848a264-dc1e-4c60-9d4a-cd8f7f2cdf4d}</UniqueIdentifier>
      <Extensions>cpp;c;cxx;rc;def;r;odl;idl;hpj;bat</Extensions>
    </Filter>
    <Filter Include="Header Files">
      <UniqueIdentifier>{3913629c-122b-4582-8b9e-5e7c514925fc}</UniqueIdentifier>
      <Extensions>h;hpp;hxx;hm;inl</Extensions>
    </Filter>
    <Filter Include="Resource Files">
      <UniqueIdentifier>{6c1f391e-e33a-4767-94c3-1a1d1962079e}</UniqueIdentifier>
      <Extensions>ico;cur;bmp;dlg;rc2;rct;bin;rgs;gif;jpg;jpeg;jpe</Extensions>
    </Filter>
  </ItemGroup>
  <ItemGroup>
    <ClCompile Include="AlertErrHandler.cpp">
      <Filter>Source Files</Filter>
    </ClCompile>
    <ClCompile Include="AnimPicker.cpp">
      <Filter>Source Files</Filter>
    </ClCompile>
    <ClCompile Include="ASEFile.cpp">
      <Filter>Source Files</Filter>
    </ClCompile>
    <ClCompile Include="Assimilate.cpp">
      <Filter>Source Files</Filter>
    </ClCompile>
    <ClCompile Include="AssimilateDoc.cpp">
      <Filter>Source Files</Filter>
    </ClCompile>
    <ClCompile Include="AssimilateView.cpp">
      <Filter>Source Files</Filter>
    </ClCompile>
    <ClCompile Include="BuildAll.cpp">
      <Filter>Source Files</Filter>
    </ClCompile>
    <ClCompile Include="..\Common\cmdlib.c">
      <Filter>Source Files</Filter>
    </ClCompile>
    <ClCompile Include="Comment.cpp">
      <Filter>Source Files</Filter>
    </ClCompile>
    <ClCompile Include="gla.cpp">
      <Filter>Source Files</Filter>
    </ClCompile>
    <ClCompile Include="MainFrm.cpp">
      <Filter>Source Files</Filter>
    </ClCompile>
    <ClCompile Include="matcomp.c">
      <Filter>Source Files</Filter>
    </ClCompile>
    <ClCompile Include="..\Common\mathlib.c">
      <Filter>Source Files</Filter>
    </ClCompile>
    <ClCompile Include="matrix4.cpp">
      <Filter>Source Files</Filter>
    </ClCompile>
    <ClCompile Include="Model.cpp">
      <Filter>Source Files</Filter>
    </ClCompile>
    <ClCompile Include="Module.cpp">
      <Filter>Source Files</Filter>
    </ClCompile>
    <ClCompile Include="oddbits.cpp">
      <Filter>Source Files</Filter>
    </ClCompile>
    <ClCompile Include="Sequences.cpp">
      <Filter>Source Files</Filter>
    </ClCompile>
    <ClCompile Include="sourcesafe.cpp">
      <Filter>Source Files</Filter>
    </ClCompile>
    <ClCompile Include="StdAfx.cpp">
      <Filter>Source Files</Filter>
    </ClCompile>
    <ClCompile Include="Tokenizer.cpp">
      <Filter>Source Files</Filter>
    </ClCompile>
    <ClCompile Include="TxtFile.cpp">
      <Filter>Source Files</Filter>
    </ClCompile>
    <ClCompile Include="vect3.cpp">
      <Filter>Source Files</Filter>
    </ClCompile>
    <ClCompile Include="xsiimp.cpp">
      <Filter>Source Files</Filter>
    </ClCompile>
    <ClCompile Include="xsilib.c">
      <Filter>Source Files</Filter>
    </ClCompile>
    <ClCompile Include="YesNoYesAllNoAll.cpp">
      <Filter>Source Files</Filter>
    </ClCompile>
  </ItemGroup>
  <ItemGroup>
    <ResourceCompile Include="Assimilate.rc">
      <Filter>Source Files</Filter>
    </ResourceCompile>
  </ItemGroup>
  <ItemGroup>
    <ClInclude Include="AlertErrHandler.h">
      <Filter>Header Files</Filter>
    </ClInclude>
    <ClInclude Include="AnimPicker.h">
      <Filter>Header Files</Filter>
    </ClInclude>
    <ClInclude Include="ASEFile.h">
      <Filter>Header Files</Filter>
    </ClInclude>
    <ClInclude Include="Assimilate.h">
      <Filter>Header Files</Filter>
    </ClInclude>
    <ClInclude Include="AssimilateDoc.h">
      <Filter>Header Files</Filter>
    </ClInclude>
    <ClInclude Include="AssimilateView.h">
      <Filter>Header Files</Filter>
    </ClInclude>
    <ClInclude Include="BuildAll.h">
      <Filter>Header Files</Filter>
    </ClInclude>
    <ClInclude Include="..\common\cmdlib.h">
      <Filter>Header Files</Filter>
    </ClInclude>
    <ClInclude Include="Comment.h">
      <Filter>Header Files</Filter>
    </ClInclude>
    <ClInclude Include="gla.h">
      <Filter>Header Files</Filter>
    </ClInclude>
    <ClInclude Include="includes.h">
      <Filter>Header Files</Filter>
    </ClInclude>
    <ClInclude Include="MainFrm.h">
      <Filter>Header Files</Filter>
    </ClInclude>
    <ClInclude Include="matcomp.h">
      <Filter>Header Files</Filter>
    </ClInclude>
    <ClInclude Include="..\common\mathlib.h">
      <Filter>Header Files</Filter>
    </ClInclude>
    <ClInclude Include="matrix4.h">
      <Filter>Header Files</Filter>
    </ClInclude>
    <ClInclude Include="mdx_format.h">
      <Filter>Header Files</Filter>
    </ClInclude>
    <ClInclude Include="Model.h">
      <Filter>Header Files</Filter>
    </ClInclude>
    <ClInclude Include="Module.h">
      <Filter>Header Files</Filter>
    </ClInclude>
    <ClInclude Include="oddbits.h">
      <Filter>Header Files</Filter>
    </ClInclude>
    <ClInclude Include="..\common\polyset.h">
      <Filter>Header Files</Filter>
    </ClInclude>
    <ClInclude Include="Resource.h">
      <Filter>Header Files</Filter>
    </ClInclude>
    <ClInclude Include="Sequences.h">
      <Filter>Header Files</Filter>
    </ClInclude>
    <ClInclude Include="sourcesafe.h">
      <Filter>Header Files</Filter>
    </ClInclude>
    <ClInclude Include="ssauterr.h">
      <Filter>Header Files</Filter>
    </ClInclude>
    <ClInclude Include="ssauto.h">
      <Filter>Header Files</Filter>
    </ClInclude>
    <ClInclude Include="StdAfx.h">
      <Filter>Header Files</Filter>
    </ClInclude>
    <ClInclude Include="Tokenizer.h">
      <Filter>Header Files</Filter>
    </ClInclude>
    <ClInclude Include="TxtFile.h">
      <Filter>Header Files</Filter>
    </ClInclude>
    <ClInclude Include="vect3.h">
      <Filter>Header Files</Filter>
    </ClInclude>
    <ClInclude Include="xsiimp.h">
      <Filter>Header Files</Filter>
    </ClInclude>
    <ClInclude Include="xsilib.h">
      <Filter>Header Files</Filter>
    </ClInclude>
    <ClInclude Include="YesNoYesAllNoAll.h">
      <Filter>Header Files</Filter>
    </ClInclude>
  </ItemGroup>
  <ItemGroup>
    <Image Include="res\Assimilate.ico">
      <Filter>Resource Files</Filter>
    </Image>
    <Image Include="res\AssimilateDoc.ico">
      <Filter>Resource Files</Filter>
    </Image>
    <Image Include="res\Toolbar.bmp">
      <Filter>Resource Files</Filter>
    </Image>
    <Image Include="res\treeimag.bmp">
      <Filter>Resource Files</Filter>
    </Image>
  </ItemGroup>
  <ItemGroup>
    <Text Include="ReadMe.txt" />
  </ItemGroup>
  <ItemGroup>
    <CustomBuild Include="res\Assimilate.rc2">
      <Filter>Resource Files</Filter>
    </CustomBuild>
    <CustomBuild Include="Assimilate.reg" />
  </ItemGroup>
</Project>